
Microsoft Visual Studio Solution File, Format Version 12.00
# Visual Studio Version 16
VisualStudioVersion = 16.0.29230.47
MinimumVisualStudioVersion = 10.0.40219.1
Project("{FAE04EC0-301F-11D3-BF4B-00C04F79EFBC}") = "CentralitaHerencia", "CentralitaHerencia\CentralitaHerencia.csproj", "{A60451FF-5997-4DAE-ABF2-EFF41A26AFCF}"
EndProject
Project("{FAE04EC0-301F-11D3-BF4B-00C04F79EFBC}") = "ClassLibrary", "ClassLibrary\ClassLibrary.csproj", "{6197A34F-0B28-4B15-877D-07285D983C75}"
EndProject
Project("{FAE04EC0-301F-11D3-BF4B-00C04F79EFBC}") = "Test", "Test\Test.csproj", "{11A4D6A4-127B-4CEE-A5AD-380A65034380}"
EndProject
Project("{FAE04EC0-301F-11D3-BF4B-00C04F79EFBC}") = "Central_Telefonica_Forms", "FrmMenu\Central_Telefonica_Forms.csproj", "{41861DBA-B1F2-4364-8BB4-645790E73454}"
EndProject
Project("{FAE04EC0-301F-11D3-BF4B-00C04F79EFBC}") = "Unit_Test_41", "Unit_Test_41\Unit_Test_41.csproj", "{C35746C4-6D72-4734-B5B0-FB624BB9277C}"
EndProject
Global
	GlobalSection(SolutionConfigurationPlatforms) = preSolution
		Debug|Any CPU = Debug|Any CPU
		Release|Any CPU = Release|Any CPU
	EndGlobalSection
	GlobalSection(ProjectConfigurationPlatforms) = postSolution
		{A60451FF-5997-4DAE-ABF2-EFF41A26AFCF}.Debug|Any CPU.ActiveCfg = Debug|Any CPU
		{A60451FF-5997-4DAE-ABF2-EFF41A26AFCF}.Debug|Any CPU.Build.0 = Debug|Any CPU
		{A60451FF-5997-4DAE-ABF2-EFF41A26AFCF}.Release|Any CPU.ActiveCfg = Release|Any CPU
		{A60451FF-5997-4DAE-ABF2-EFF41A26AFCF}.Release|Any CPU.Build.0 = Release|Any CPU
		{6197A34F-0B28-4B15-877D-07285D983C75}.Debug|Any CPU.ActiveCfg = Debug|Any CPU
		{6197A34F-0B28-4B15-877D-07285D983C75}.Debug|Any CPU.Build.0 = Debug|Any CPU
		{6197A34F-0B28-4B15-877D-07285D983C75}.Release|Any CPU.ActiveCfg = Release|Any CPU
		{6197A34F-0B28-4B15-877D-07285D983C75}.Release|Any CPU.Build.0 = Release|Any CPU
		{11A4D6A4-127B-4CEE-A5AD-380A65034380}.Debug|Any CPU.ActiveCfg = Debug|Any CPU
		{11A4D6A4-127B-4CEE-A5AD-380A65034380}.Debug|Any CPU.Build.0 = Debug|Any CPU
		{11A4D6A4-127B-4CEE-A5AD-380A65034380}.Release|Any CPU.ActiveCfg = Release|Any CPU
		{11A4D6A4-127B-4CEE-A5AD-380A65034380}.Release|Any CPU.Build.0 = Release|Any CPU
		{41861DBA-B1F2-4364-8BB4-645790E73454}.Debug|Any CPU.ActiveCfg = Debug|Any CPU
		{41861DBA-B1F2-4364-8BB4-645790E73454}.Debug|Any CPU.Build.0 = Debug|Any CPU
		{41861DBA-B1F2-4364-8BB4-645790E73454}.Release|Any CPU.ActiveCfg = Release|Any CPU
		{41861DBA-B1F2-4364-8BB4-645790E73454}.Release|Any CPU.Build.0 = Release|Any CPU
		{C35746C4-6D72-4734-B5B0-FB624BB9277C}.Debug|Any CPU.ActiveCfg = Debug|Any CPU
		{C35746C4-6D72-4734-B5B0-FB624BB9277C}.Debug|Any CPU.Build.0 = Debug|Any CPU
		{C35746C4-6D72-4734-B5B0-FB624BB9277C}.Release|Any CPU.ActiveCfg = Release|Any CPU
		{C35746C4-6D72-4734-B5B0-FB624BB9277C}.Release|Any CPU.Build.0 = Release|Any CPU
	EndGlobalSection
	GlobalSection(SolutionProperties) = preSolution
		HideSolutionNode = FALSE
	EndGlobalSection
	GlobalSection(ExtensibilityGlobals) = postSolution
		SolutionGuid = {3E54DDFD-2784-4BF8-97DD-AFB780C0CD31}
	EndGlobalSection
EndGlobal
