
Microsoft Visual Studio Solution File, Format Version 12.00
# Visual Studio 15
VisualStudioVersion = 15.0.27703.2047
MinimumVisualStudioVersion = 10.0.40219.1
Project("{FAE04EC0-301F-11D3-BF4B-00C04F79EFBC}") = "ClassLibrary", "ClassLibrary\ClassLibrary.csproj", "{7681DC3D-CD18-419C-AA90-79ADFC76CC15}"
EndProject
Project("{FAE04EC0-301F-11D3-BF4B-00C04F79EFBC}") = "AppForms", "AppForms\AppForms.csproj", "{2A8F76B9-9AC6-4572-87BC-57112EEFF77C}"
EndProject
Global
	GlobalSection(SolutionConfigurationPlatforms) = preSolution
		Debug|Any CPU = Debug|Any CPU
		Release|Any CPU = Release|Any CPU
	EndGlobalSection
	GlobalSection(ProjectConfigurationPlatforms) = postSolution
		{7681DC3D-CD18-419C-AA90-79ADFC76CC15}.Debug|Any CPU.ActiveCfg = Debug|Any CPU
		{7681DC3D-CD18-419C-AA90-79ADFC76CC15}.Debug|Any CPU.Build.0 = Debug|Any CPU
		{7681DC3D-CD18-419C-AA90-79ADFC76CC15}.Release|Any CPU.ActiveCfg = Release|Any CPU
		{7681DC3D-CD18-419C-AA90-79ADFC76CC15}.Release|Any CPU.Build.0 = Release|Any CPU
		{2A8F76B9-9AC6-4572-87BC-57112EEFF77C}.Debug|Any CPU.ActiveCfg = Debug|Any CPU
		{2A8F76B9-9AC6-4572-87BC-57112EEFF77C}.Debug|Any CPU.Build.0 = Debug|Any CPU
		{2A8F76B9-9AC6-4572-87BC-57112EEFF77C}.Release|Any CPU.ActiveCfg = Release|Any CPU
		{2A8F76B9-9AC6-4572-87BC-57112EEFF77C}.Release|Any CPU.Build.0 = Release|Any CPU
	EndGlobalSection
	GlobalSection(SolutionProperties) = preSolution
		HideSolutionNode = FALSE
	EndGlobalSection
	GlobalSection(ExtensibilityGlobals) = postSolution
		SolutionGuid = {B183F751-0544-445F-B05C-B9E6C542C40B}
	EndGlobalSection
EndGlobal
