
Microsoft Visual Studio Solution File, Format Version 12.00
# Visual Studio 15
VisualStudioVersion = 15.0.27703.2047
MinimumVisualStudioVersion = 10.0.40219.1
Project("{FAE04EC0-301F-11D3-BF4B-00C04F79EFBC}") = "Clase_08", "Clase_08\Clase_08.csproj", "{18907664-EA5C-45CC-AF04-FEDBECB6E4A5}"
EndProject
Project("{FAE04EC0-301F-11D3-BF4B-00C04F79EFBC}") = "ClassLibrary", "ClassLibrary\ClassLibrary.csproj", "{B1B3506C-E577-4B19-8C52-FE5260F0B613}"
EndProject
Global
	GlobalSection(SolutionConfigurationPlatforms) = preSolution
		Debug|Any CPU = Debug|Any CPU
		Release|Any CPU = Release|Any CPU
	EndGlobalSection
	GlobalSection(ProjectConfigurationPlatforms) = postSolution
		{18907664-EA5C-45CC-AF04-FEDBECB6E4A5}.Debug|Any CPU.ActiveCfg = Debug|Any CPU
		{18907664-EA5C-45CC-AF04-FEDBECB6E4A5}.Debug|Any CPU.Build.0 = Debug|Any CPU
		{18907664-EA5C-45CC-AF04-FEDBECB6E4A5}.Release|Any CPU.ActiveCfg = Release|Any CPU
		{18907664-EA5C-45CC-AF04-FEDBECB6E4A5}.Release|Any CPU.Build.0 = Release|Any CPU
		{B1B3506C-E577-4B19-8C52-FE5260F0B613}.Debug|Any CPU.ActiveCfg = Debug|Any CPU
		{B1B3506C-E577-4B19-8C52-FE5260F0B613}.Debug|Any CPU.Build.0 = Debug|Any CPU
		{B1B3506C-E577-4B19-8C52-FE5260F0B613}.Release|Any CPU.ActiveCfg = Release|Any CPU
		{B1B3506C-E577-4B19-8C52-FE5260F0B613}.Release|Any CPU.Build.0 = Release|Any CPU
	EndGlobalSection
	GlobalSection(SolutionProperties) = preSolution
		HideSolutionNode = FALSE
	EndGlobalSection
	GlobalSection(ExtensibilityGlobals) = postSolution
		SolutionGuid = {1266CECA-CE62-40DB-846D-8194A0AC6429}
	EndGlobalSection
EndGlobal
