
Microsoft Visual Studio Solution File, Format Version 12.00
# Visual Studio 15
VisualStudioVersion = 15.0.27703.2047
MinimumVisualStudioVersion = 10.0.40219.1
Project("{FAE04EC0-301F-11D3-BF4B-00C04F79EFBC}") = "Ejercicio1", "Clase1\Ejercicio1.csproj", "{905B230A-3CFB-4DB2-A85A-9FB2AE2F2333}"
EndProject
Project("{FAE04EC0-301F-11D3-BF4B-00C04F79EFBC}") = "Ejercicio2", "Ejercicio2\Ejercicio2.csproj", "{8360690B-76E4-489C-8CE5-725A53D1B07C}"
EndProject
Project("{FAE04EC0-301F-11D3-BF4B-00C04F79EFBC}") = "Ejercicio3", "Ejercicio3\Ejercicio3.csproj", "{EB0F071D-B7FF-48E1-9F6E-99FCC3D142F3}"
EndProject
Project("{FAE04EC0-301F-11D3-BF4B-00C04F79EFBC}") = "Ejercicio4", "Ejercicio4\Ejercicio4.csproj", "{B8300DC4-263F-473F-87E5-91CD1A7EF8F7}"
EndProject
Project("{FAE04EC0-301F-11D3-BF4B-00C04F79EFBC}") = "Ejercicio5", "Ejercicio5\Ejercicio5.csproj", "{F15744A8-0098-49DE-AC4D-009958F5FAC7}"
EndProject
Project("{FAE04EC0-301F-11D3-BF4B-00C04F79EFBC}") = "Ejercicio10", "Ejercicio10\Ejercicio10.csproj", "{48C89442-BBBB-4D4B-861F-174857127D1E}"
EndProject
Project("{FAE04EC0-301F-11D3-BF4B-00C04F79EFBC}") = "Ejercicio9", "Ejercicio9\Ejercicio9.csproj", "{145C49E6-75D2-4235-9E4B-7ABA81355B33}"
EndProject
Project("{FAE04EC0-301F-11D3-BF4B-00C04F79EFBC}") = "Ejercicio8", "Ejercicio8\Ejercicio8.csproj", "{3DB33E81-1BE3-4BA2-87EE-63B1722406D2}"
EndProject
Project("{FAE04EC0-301F-11D3-BF4B-00C04F79EFBC}") = "Ejercicio13", "Ejercicio13\Ejercicio13.csproj", "{F6303D00-72C1-4622-9000-309E954AF8BC}"
EndProject
Project("{FAE04EC0-301F-11D3-BF4B-00C04F79EFBC}") = "Ejercicio11", "Ejercicio11\Ejercicio11.csproj", "{C61912E3-65B7-4F22-A779-24267BEF5A80}"
EndProject
Project("{FAE04EC0-301F-11D3-BF4B-00C04F79EFBC}") = "Ejercicio16", "Ejercicio16\Ejercicio16.csproj", "{2450AD42-815E-4DAF-B59E-98DD906FC023}"
EndProject
Project("{FAE04EC0-301F-11D3-BF4B-00C04F79EFBC}") = "Ejercicio17", "Ejercicio17\Ejercicio17.csproj", "{7DBF476F-00DB-47CF-A475-4545E019519B}"
EndProject
Project("{2150E333-8FDC-42A3-9474-1A3956D46DE8}") = "Ejercicio18", "Ejercicio18", "{3E0E8ADC-397F-43D8-9BFC-89C12C11760F}"
EndProject
Project("{FAE04EC0-301F-11D3-BF4B-00C04F79EFBC}") = "Geometria", "Geometria\Geometria.csproj", "{13746D97-8024-49C9-926F-039BACC56D95}"
EndProject
Project("{FAE04EC0-301F-11D3-BF4B-00C04F79EFBC}") = "PruebaGeometria", "PruebaGeometria\PruebaGeometria.csproj", "{B6EB44DC-F833-48F3-A755-BEAAED5C47A4}"
EndProject
Project("{2150E333-8FDC-42A3-9474-1A3956D46DE8}") = "Ejercicio20", "Ejercicio20", "{D4C189C6-AF21-4F34-BD01-1F64F44FA0A2}"
EndProject
Project("{FAE04EC0-301F-11D3-BF4B-00C04F79EFBC}") = "Billetes", "Billetes\Billetes.csproj", "{36CB6744-18D3-46DB-968C-80AF45252CE6}"
EndProject
Project("{2150E333-8FDC-42A3-9474-1A3956D46DE8}") = "Ejercicio31", "Ejercicio31", "{CFDAEC6E-AE7F-4F63-8F5E-B5C6E2E01AE3}"
EndProject
Project("{FAE04EC0-301F-11D3-BF4B-00C04F79EFBC}") = "Atencion_al_Cliente", "Atencion_al_Cliente\Atencion_al_Cliente.csproj", "{A0C5F104-4174-46C3-A51D-6CC06C58872C}"
EndProject
Global
	GlobalSection(SolutionConfigurationPlatforms) = preSolution
		Debug|Any CPU = Debug|Any CPU
		Release|Any CPU = Release|Any CPU
	EndGlobalSection
	GlobalSection(ProjectConfigurationPlatforms) = postSolution
		{905B230A-3CFB-4DB2-A85A-9FB2AE2F2333}.Debug|Any CPU.ActiveCfg = Debug|Any CPU
		{905B230A-3CFB-4DB2-A85A-9FB2AE2F2333}.Debug|Any CPU.Build.0 = Debug|Any CPU
		{905B230A-3CFB-4DB2-A85A-9FB2AE2F2333}.Release|Any CPU.ActiveCfg = Release|Any CPU
		{905B230A-3CFB-4DB2-A85A-9FB2AE2F2333}.Release|Any CPU.Build.0 = Release|Any CPU
		{8360690B-76E4-489C-8CE5-725A53D1B07C}.Debug|Any CPU.ActiveCfg = Debug|Any CPU
		{8360690B-76E4-489C-8CE5-725A53D1B07C}.Debug|Any CPU.Build.0 = Debug|Any CPU
		{8360690B-76E4-489C-8CE5-725A53D1B07C}.Release|Any CPU.ActiveCfg = Release|Any CPU
		{8360690B-76E4-489C-8CE5-725A53D1B07C}.Release|Any CPU.Build.0 = Release|Any CPU
		{EB0F071D-B7FF-48E1-9F6E-99FCC3D142F3}.Debug|Any CPU.ActiveCfg = Debug|Any CPU
		{EB0F071D-B7FF-48E1-9F6E-99FCC3D142F3}.Debug|Any CPU.Build.0 = Debug|Any CPU
		{EB0F071D-B7FF-48E1-9F6E-99FCC3D142F3}.Release|Any CPU.ActiveCfg = Release|Any CPU
		{EB0F071D-B7FF-48E1-9F6E-99FCC3D142F3}.Release|Any CPU.Build.0 = Release|Any CPU
		{B8300DC4-263F-473F-87E5-91CD1A7EF8F7}.Debug|Any CPU.ActiveCfg = Debug|Any CPU
		{B8300DC4-263F-473F-87E5-91CD1A7EF8F7}.Debug|Any CPU.Build.0 = Debug|Any CPU
		{B8300DC4-263F-473F-87E5-91CD1A7EF8F7}.Release|Any CPU.ActiveCfg = Release|Any CPU
		{B8300DC4-263F-473F-87E5-91CD1A7EF8F7}.Release|Any CPU.Build.0 = Release|Any CPU
		{F15744A8-0098-49DE-AC4D-009958F5FAC7}.Debug|Any CPU.ActiveCfg = Debug|Any CPU
		{F15744A8-0098-49DE-AC4D-009958F5FAC7}.Debug|Any CPU.Build.0 = Debug|Any CPU
		{F15744A8-0098-49DE-AC4D-009958F5FAC7}.Release|Any CPU.ActiveCfg = Release|Any CPU
		{F15744A8-0098-49DE-AC4D-009958F5FAC7}.Release|Any CPU.Build.0 = Release|Any CPU
		{48C89442-BBBB-4D4B-861F-174857127D1E}.Debug|Any CPU.ActiveCfg = Debug|Any CPU
		{48C89442-BBBB-4D4B-861F-174857127D1E}.Debug|Any CPU.Build.0 = Debug|Any CPU
		{48C89442-BBBB-4D4B-861F-174857127D1E}.Release|Any CPU.ActiveCfg = Release|Any CPU
		{48C89442-BBBB-4D4B-861F-174857127D1E}.Release|Any CPU.Build.0 = Release|Any CPU
		{145C49E6-75D2-4235-9E4B-7ABA81355B33}.Debug|Any CPU.ActiveCfg = Debug|Any CPU
		{145C49E6-75D2-4235-9E4B-7ABA81355B33}.Debug|Any CPU.Build.0 = Debug|Any CPU
		{145C49E6-75D2-4235-9E4B-7ABA81355B33}.Release|Any CPU.ActiveCfg = Release|Any CPU
		{145C49E6-75D2-4235-9E4B-7ABA81355B33}.Release|Any CPU.Build.0 = Release|Any CPU
		{3DB33E81-1BE3-4BA2-87EE-63B1722406D2}.Debug|Any CPU.ActiveCfg = Debug|Any CPU
		{3DB33E81-1BE3-4BA2-87EE-63B1722406D2}.Debug|Any CPU.Build.0 = Debug|Any CPU
		{3DB33E81-1BE3-4BA2-87EE-63B1722406D2}.Release|Any CPU.ActiveCfg = Release|Any CPU
		{3DB33E81-1BE3-4BA2-87EE-63B1722406D2}.Release|Any CPU.Build.0 = Release|Any CPU
		{F6303D00-72C1-4622-9000-309E954AF8BC}.Debug|Any CPU.ActiveCfg = Debug|Any CPU
		{F6303D00-72C1-4622-9000-309E954AF8BC}.Debug|Any CPU.Build.0 = Debug|Any CPU
		{F6303D00-72C1-4622-9000-309E954AF8BC}.Release|Any CPU.ActiveCfg = Release|Any CPU
		{F6303D00-72C1-4622-9000-309E954AF8BC}.Release|Any CPU.Build.0 = Release|Any CPU
		{C61912E3-65B7-4F22-A779-24267BEF5A80}.Debug|Any CPU.ActiveCfg = Debug|Any CPU
		{C61912E3-65B7-4F22-A779-24267BEF5A80}.Debug|Any CPU.Build.0 = Debug|Any CPU
		{C61912E3-65B7-4F22-A779-24267BEF5A80}.Release|Any CPU.ActiveCfg = Release|Any CPU
		{C61912E3-65B7-4F22-A779-24267BEF5A80}.Release|Any CPU.Build.0 = Release|Any CPU
		{2450AD42-815E-4DAF-B59E-98DD906FC023}.Debug|Any CPU.ActiveCfg = Debug|Any CPU
		{2450AD42-815E-4DAF-B59E-98DD906FC023}.Debug|Any CPU.Build.0 = Debug|Any CPU
		{2450AD42-815E-4DAF-B59E-98DD906FC023}.Release|Any CPU.ActiveCfg = Release|Any CPU
		{2450AD42-815E-4DAF-B59E-98DD906FC023}.Release|Any CPU.Build.0 = Release|Any CPU
		{7DBF476F-00DB-47CF-A475-4545E019519B}.Debug|Any CPU.ActiveCfg = Debug|Any CPU
		{7DBF476F-00DB-47CF-A475-4545E019519B}.Debug|Any CPU.Build.0 = Debug|Any CPU
		{7DBF476F-00DB-47CF-A475-4545E019519B}.Release|Any CPU.ActiveCfg = Release|Any CPU
		{7DBF476F-00DB-47CF-A475-4545E019519B}.Release|Any CPU.Build.0 = Release|Any CPU
		{13746D97-8024-49C9-926F-039BACC56D95}.Debug|Any CPU.ActiveCfg = Debug|Any CPU
		{13746D97-8024-49C9-926F-039BACC56D95}.Debug|Any CPU.Build.0 = Debug|Any CPU
		{13746D97-8024-49C9-926F-039BACC56D95}.Release|Any CPU.ActiveCfg = Release|Any CPU
		{13746D97-8024-49C9-926F-039BACC56D95}.Release|Any CPU.Build.0 = Release|Any CPU
		{B6EB44DC-F833-48F3-A755-BEAAED5C47A4}.Debug|Any CPU.ActiveCfg = Debug|Any CPU
		{B6EB44DC-F833-48F3-A755-BEAAED5C47A4}.Debug|Any CPU.Build.0 = Debug|Any CPU
		{B6EB44DC-F833-48F3-A755-BEAAED5C47A4}.Release|Any CPU.ActiveCfg = Release|Any CPU
		{B6EB44DC-F833-48F3-A755-BEAAED5C47A4}.Release|Any CPU.Build.0 = Release|Any CPU
		{36CB6744-18D3-46DB-968C-80AF45252CE6}.Debug|Any CPU.ActiveCfg = Debug|Any CPU
		{36CB6744-18D3-46DB-968C-80AF45252CE6}.Debug|Any CPU.Build.0 = Debug|Any CPU
		{36CB6744-18D3-46DB-968C-80AF45252CE6}.Release|Any CPU.ActiveCfg = Release|Any CPU
		{36CB6744-18D3-46DB-968C-80AF45252CE6}.Release|Any CPU.Build.0 = Release|Any CPU
		{A0C5F104-4174-46C3-A51D-6CC06C58872C}.Debug|Any CPU.ActiveCfg = Debug|Any CPU
		{A0C5F104-4174-46C3-A51D-6CC06C58872C}.Debug|Any CPU.Build.0 = Debug|Any CPU
		{A0C5F104-4174-46C3-A51D-6CC06C58872C}.Release|Any CPU.ActiveCfg = Release|Any CPU
		{A0C5F104-4174-46C3-A51D-6CC06C58872C}.Release|Any CPU.Build.0 = Release|Any CPU
	EndGlobalSection
	GlobalSection(SolutionProperties) = preSolution
		HideSolutionNode = FALSE
	EndGlobalSection
	GlobalSection(NestedProjects) = preSolution
		{13746D97-8024-49C9-926F-039BACC56D95} = {3E0E8ADC-397F-43D8-9BFC-89C12C11760F}
		{B6EB44DC-F833-48F3-A755-BEAAED5C47A4} = {3E0E8ADC-397F-43D8-9BFC-89C12C11760F}
		{36CB6744-18D3-46DB-968C-80AF45252CE6} = {D4C189C6-AF21-4F34-BD01-1F64F44FA0A2}
		{A0C5F104-4174-46C3-A51D-6CC06C58872C} = {CFDAEC6E-AE7F-4F63-8F5E-B5C6E2E01AE3}
	EndGlobalSection
	GlobalSection(ExtensibilityGlobals) = postSolution
		SolutionGuid = {44FAB219-814D-4415-B0E7-1C6D90EF0DB9}
	EndGlobalSection
EndGlobal
