
Microsoft Visual Studio Solution File, Format Version 12.00
# Visual Studio 15
VisualStudioVersion = 15.0.27703.2047
MinimumVisualStudioVersion = 10.0.40219.1
Project("{FAE04EC0-301F-11D3-BF4B-00C04F79EFBC}") = "ClassLibrary", "Clase_10\ClassLibrary.csproj", "{3C7E4EEB-1D93-41AA-A832-3DF16231ADFF}"
EndProject
Project("{FAE04EC0-301F-11D3-BF4B-00C04F79EFBC}") = "Forms", "Form1\Forms.csproj", "{3625840D-1DA6-4642-9F75-032156A7B752}"
EndProject
Global
	GlobalSection(SolutionConfigurationPlatforms) = preSolution
		Debug|Any CPU = Debug|Any CPU
		Release|Any CPU = Release|Any CPU
	EndGlobalSection
	GlobalSection(ProjectConfigurationPlatforms) = postSolution
		{3C7E4EEB-1D93-41AA-A832-3DF16231ADFF}.Debug|Any CPU.ActiveCfg = Debug|Any CPU
		{3C7E4EEB-1D93-41AA-A832-3DF16231ADFF}.Debug|Any CPU.Build.0 = Debug|Any CPU
		{3C7E4EEB-1D93-41AA-A832-3DF16231ADFF}.Release|Any CPU.ActiveCfg = Release|Any CPU
		{3C7E4EEB-1D93-41AA-A832-3DF16231ADFF}.Release|Any CPU.Build.0 = Release|Any CPU
		{3625840D-1DA6-4642-9F75-032156A7B752}.Debug|Any CPU.ActiveCfg = Debug|Any CPU
		{3625840D-1DA6-4642-9F75-032156A7B752}.Debug|Any CPU.Build.0 = Debug|Any CPU
		{3625840D-1DA6-4642-9F75-032156A7B752}.Release|Any CPU.ActiveCfg = Release|Any CPU
		{3625840D-1DA6-4642-9F75-032156A7B752}.Release|Any CPU.Build.0 = Release|Any CPU
	EndGlobalSection
	GlobalSection(SolutionProperties) = preSolution
		HideSolutionNode = FALSE
	EndGlobalSection
	GlobalSection(ExtensibilityGlobals) = postSolution
		SolutionGuid = {628CAB1E-74D6-4271-93C2-976E8777E9C3}
	EndGlobalSection
EndGlobal
